
Microsoft Visual Studio Solution File, Format Version 12.00
# Visual Studio 15
VisualStudioVersion = 15.0.27130.2010
MinimumVisualStudioVersion = 10.0.40219.1
Project("{9A19103F-16F7-4668-BE54-9A1E7A4F7556}") = "WordGame", "WordGame\WordGame.csproj", "{E91F6361-7150-4511-A3C6-68E256DF4CF2}"
EndProject
Project("{FAE04EC0-301F-11D3-BF4B-00C04F79EFBC}") = "XUnitTestProject1", "XUnitTestProject1\XUnitTestProject1.csproj", "{4D23F0DA-1975-44AE-89F5-B4DBF456E468}"
EndProject
Global
	GlobalSection(SolutionConfigurationPlatforms) = preSolution
		Debug|Any CPU = Debug|Any CPU
		Release|Any CPU = Release|Any CPU
	EndGlobalSection
	GlobalSection(ProjectConfigurationPlatforms) = postSolution
		{E91F6361-7150-4511-A3C6-68E256DF4CF2}.Debug|Any CPU.ActiveCfg = Debug|Any CPU
		{E91F6361-7150-4511-A3C6-68E256DF4CF2}.Debug|Any CPU.Build.0 = Debug|Any CPU
		{E91F6361-7150-4511-A3C6-68E256DF4CF2}.Release|Any CPU.ActiveCfg = Release|Any CPU
		{E91F6361-7150-4511-A3C6-68E256DF4CF2}.Release|Any CPU.Build.0 = Release|Any CPU
		{4D23F0DA-1975-44AE-89F5-B4DBF456E468}.Debug|Any CPU.ActiveCfg = Debug|Any CPU
		{4D23F0DA-1975-44AE-89F5-B4DBF456E468}.Debug|Any CPU.Build.0 = Debug|Any CPU
		{4D23F0DA-1975-44AE-89F5-B4DBF456E468}.Release|Any CPU.ActiveCfg = Release|Any CPU
		{4D23F0DA-1975-44AE-89F5-B4DBF456E468}.Release|Any CPU.Build.0 = Release|Any CPU
	EndGlobalSection
	GlobalSection(SolutionProperties) = preSolution
		HideSolutionNode = FALSE
	EndGlobalSection
	GlobalSection(ExtensibilityGlobals) = postSolution
		SolutionGuid = {B3EB9143-FE98-40BD-BA2F-9570F3668794}
	EndGlobalSection
EndGlobal
